
Microsoft Visual Studio Solution File, Format Version 12.00
# Visual Studio Version 16
VisualStudioVersion = 16.0.30002.166
MinimumVisualStudioVersion = 10.0.40219.1
Project("{FAE04EC0-301F-11D3-BF4B-00C04F79EFBC}") = "Bioscoop App complete", "Bioscoop App complete\Bioscoop App complete.csproj", "{1288ECE1-4718-4ED0-A2F6-17DE3270BECB}"
EndProject
Global
	GlobalSection(SolutionConfigurationPlatforms) = preSolution
		Debug|Any CPU = Debug|Any CPU
		Release|Any CPU = Release|Any CPU
	EndGlobalSection
	GlobalSection(ProjectConfigurationPlatforms) = postSolution
		{1288ECE1-4718-4ED0-A2F6-17DE3270BECB}.Debug|Any CPU.ActiveCfg = Debug|Any CPU
		{1288ECE1-4718-4ED0-A2F6-17DE3270BECB}.Debug|Any CPU.Build.0 = Debug|Any CPU
		{1288ECE1-4718-4ED0-A2F6-17DE3270BECB}.Release|Any CPU.ActiveCfg = Release|Any CPU
		{1288ECE1-4718-4ED0-A2F6-17DE3270BECB}.Release|Any CPU.Build.0 = Release|Any CPU
	EndGlobalSection
	GlobalSection(SolutionProperties) = preSolution
		HideSolutionNode = FALSE
	EndGlobalSection
	GlobalSection(ExtensibilityGlobals) = postSolution
		SolutionGuid = {14C7A060-FCC2-4EC0-80BE-8290AF6FCB79}
	EndGlobalSection
EndGlobal
